// !$*UTF8*$!
{
	archiveVersion = 1;
	classes = {
	};
	objectVersion = 46;
	objects = {

/* Begin PBXBuildFile section */
		38F8C0521C9A6B8000A1F726 /* AppDelegate.swift in Sources */ = {isa = PBXBuildFile; fileRef = 38F8C0511C9A6B8000A1F726 /* AppDelegate.swift */; };
		38F8C0541C9A6B8000A1F726 /* ViewController.swift in Sources */ = {isa = PBXBuildFile; fileRef = 38F8C0531C9A6B8000A1F726 /* ViewController.swift */; };
		38F8C0571C9A6B8000A1F726 /* Main.storyboard in Resources */ = {isa = PBXBuildFile; fileRef = 38F8C0551C9A6B8000A1F726 /* Main.storyboard */; };
		38F8C0591C9A6B8000A1F726 /* Assets.xcassets in Resources */ = {isa = PBXBuildFile; fileRef = 38F8C0581C9A6B8000A1F726 /* Assets.xcassets */; };
		38F8C05C1C9A6B8000A1F726 /* LaunchScreen.storyboard in Resources */ = {isa = PBXBuildFile; fileRef = 38F8C05A1C9A6B8000A1F726 /* LaunchScreen.storyboard */; };
/* End PBXBuildFile section */

/* Begin PBXFileReference section */
		38F8C04E1C9A6B8000A1F726 /* YXSwiftProject.app */ = {isa = PBXFileReference; explicitFileType = wrapper.application; includeInIndex = 0; path = YXSwiftProject.app; sourceTree = BUILT_PRODUCTS_DIR; };
		38F8C0511C9A6B8000A1F726 /* AppDelegate.swift */ = {isa = PBXFileReference; lastKnownFileType = sourcecode.swift; path = AppDelegate.swift; sourceTree = "<group>"; };
		38F8C0531C9A6B8000A1F726 /* ViewController.swift */ = {isa = PBXFileReference; lastKnownFileType = sourcecode.swift; path = ViewController.swift; sourceTree = "<group>"; };
		38F8C0561C9A6B8000A1F726 /* Base */ = {isa = PBXFileReference; lastKnownFileType = file.storyboard; name = Base; path = Base.lproj/Main.storyboard; sourceTree = "<group>"; };
		38F8C0581C9A6B8000A1F726 /* Assets.xcassets */ = {isa = PBXFileReference; lastKnownFileType = folder.assetcatalog; path = Assets.xcassets; sourceTree = "<group>"; };
		38F8C05B1C9A6B8000A1F726 /* Base */ = {isa = PBXFileReference; lastKnownFileType = file.storyboard; name = Base; path = Base.lproj/LaunchScreen.storyboard; sourceTree = "<group>"; };
		38F8C05D1C9A6B8000A1F726 /* Info.plist */ = {isa = PBXFileReference; lastKnownFileType = text.plist.xml; path = Info.plist; sourceTree = "<group>"; };
/* End PBXFileReference section */

/* Begin PBXFrameworksBuildPhase section */
		38F8C04B1C9A6B8000A1F726 /* Frameworks */ = {
			isa = PBXFrameworksBuildPhase;
			buildActionMask = 2147483647;
			files = (
			);
			runOnlyForDeploymentPostprocessing = 0;
		};
/* End PBXFrameworksBuildPhase section */

/* Begin PBXGroup section */
		38F8C0451C9A6B8000A1F726 = {
			isa = PBXGroup;
			children = (
				38F8C0501C9A6B8000A1F726 /* YXSwiftProject */,
				38F8C04F1C9A6B8000A1F726 /* Products */,
			);
			sourceTree = "<group>";
		};
		38F8C04F1C9A6B8000A1F726 /* Products */ = {
			isa = PBXGroup;
			children = (
				38F8C04E1C9A6B8000A1F726 /* YXSwiftProject.app */,
			);
			name = Products;
			sourceTree = "<group>";
		};
		38F8C0501C9A6B8000A1F726 /* YXSwiftProject */ = {
			isa = PBXGroup;
			children = (
				38F8C0511C9A6B8000A1F726 /* AppDelegate.swift */,
				38F8C0531C9A6B8000A1F726 /* ViewController.swift */,
				38F8C0551C9A6B8000A1F726 /* Main.storyboard */,
				38F8C0581C9A6B8000A1F726 /* Assets.xcassets */,
				38F8C05A1C9A6B8000A1F726 /* LaunchScreen.storyboard */,
				38F8C05D1C9A6B8000A1F726 /* Info.plist */,
			);
			path = YXSwiftProject;
			sourceTree = "<group>";
		};
/* End PBXGroup section */

/* Begin PBXNativeTarget section */
		38F8C04D1C9A6B8000A1F726 /* YXSwiftProject */ = {
			isa = PBXNativeTarget;
			buildConfigurationList = 38F8C0601C9A6B8000A1F726 /* Build configuration list for PBXNativeTarget "YXSwiftProject" */;
			buildPhases = (
				38F8C04A1C9A6B8000A1F726 /* Sources */,
				38F8C04B1C9A6B8000A1F726 /* Frameworks */,
				38F8C04C1C9A6B8000A1F726 /* Resources */,
			);
			buildRules = (
			);
			dependencies = (
			);
			name = YXSwiftProject;
			productName = YXSwiftProject;
			productReference = 38F8C04E1C9A6B8000A1F726 /* YXSwiftProject.app */;
			productType = "com.apple.product-type.application";
		};
/* End PBXNativeTarget section */

/* Begin PBXProject section */
		38F8C0461C9A6B8000A1F726 /* Project object */ = {
			isa = PBXProject;
			attributes = {
				LastSwiftUpdateCheck = 0730;
				LastUpgradeCheck = 0730;
				ORGANIZATIONNAME = jiyingxin;
				TargetAttributes = {
					38F8C04D1C9A6B8000A1F726 = {
						CreatedOnToolsVersion = 7.3;
						DevelopmentTeam = Q4A4E5KTY4;
					};
				};
			};
			buildConfigurationList = 38F8C0491C9A6B8000A1F726 /* Build configuration list for PBXProject "YXSwiftProject" */;
			compatibilityVersion = "Xcode 3.2";
			developmentRegion = English;
			hasScannedForEncodings = 0;
			knownRegions = (
				en,
				Base,
			);
			mainGroup = 38F8C0451C9A6B8000A1F726;
			productRefGroup = 38F8C04F1C9A6B8000A1F726 /* Products */;
			projectDirPath = "";
			projectRoot = "";
			targets = (
				38F8C04D1C9A6B8000A1F726 /* YXSwiftProject */,
			);
		};
/* End PBXProject section */

/* Begin PBXResourcesBuildPhase section */
		38F8C04C1C9A6B8000A1F726 /* Resources */ = {
			isa = PBXResourcesBuildPhase;
			buildActionMask = 2147483647;
			files = (
				38F8C05C1C9A6B8000A1F726 /* LaunchScreen.storyboard in Resources */,
				38F8C0591C9A6B8000A1F726 /* Assets.xcassets in Resources */,
				38F8C0571C9A6B8000A1F726 /* Main.storyboard in Resources */,
			);
			runOnlyForDeploymentPostprocessing = 0;
		};
/* End PBXResourcesBuildPhase section */

/* Begin PBXSourcesBuildPhase section */
		38F8C04A1C9A6B8000A1F726 /* Sources */ = {
			isa = PBXSourcesBuildPhase;
			buildActionMask = 2147483647;
			files = (
				38F8C0541C9A6B8000A1F726 /* ViewController.swift in Sources */,
				38F8C0521C9A6B8000A1F726 /* AppDelegate.swift in Sources */,
			);
			runOnlyForDeploymentPostprocessing = 0;
		};
/* End PBXSourcesBuildPhase section */

/* Begin PBXVariantGroup section */
		38F8C0551C9A6B8000A1F726 /* Main.storyboard */ = {
			isa = PBXVariantGroup;
			children = (
				38F8C0561C9A6B8000A1F726 /* Base */,
			);
			name = Main.storyboard;
			sourceTree = "<group>";
		};
		38F8C05A1C9A6B8000A1F726 /* LaunchScreen.storyboard */ = {
			isa = PBXVariantGroup;
			children = (
				38F8C05B1C9A6B8000A1F726 /* Base */,
			);
			name = LaunchScreen.storyboard;
			sourceTree = "<group>";
		};
/* End PBXVariantGroup section */

/* Begin XCBuildConfiguration section */
		38F8C05E1C9A6B8000A1F726 /* Debug */ = {
			isa = XCBuildConfiguration;
			buildSettings = {
				ALWAYS_SEARCH_USER_PATHS = NO;
				CLANG_ANALYZER_NONNULL = YES;
				CLANG_CXX_LANGUAGE_STANDARD = "gnu++0x";
				CLANG_CXX_LIBRARY = "libc++";
				CLANG_ENABLE_MODULES = YES;
				CLANG_ENABLE_OBJC_ARC = YES;
				CLANG_WARN_BOOL_CONVERSION = YES;
				CLANG_WARN_CONSTANT_CONVERSION = YES;
				CLANG_WARN_DIRECT_OBJC_ISA_USAGE = YES_ERROR;
				CLANG_WARN_EMPTY_BODY = YES;
				CLANG_WARN_ENUM_CONVERSION = YES;
				CLANG_WARN_INT_CONVERSION = YES;
				CLANG_WARN_OBJC_ROOT_CLASS = YES_ERROR;
				CLANG_WARN_UNREACHABLE_CODE = YES;
				CLANG_WARN__DUPLICATE_METHOD_MATCH = YES;
				"CODE_SIGN_IDENTITY[sdk=iphoneos*]" = "iPhone Developer";
				COPY_PHASE_STRIP = NO;
				DEBUG_INFORMATION_FORMAT = dwarf;
				ENABLE_STRICT_OBJC_MSGSEND = YES;
				ENABLE_TESTABILITY = YES;
				GCC_C_LANGUAGE_STANDARD = gnu99;
				GCC_DYNAMIC_NO_PIC = NO;
				GCC_NO_COMMON_BLOCKS = YES;
				GCC_OPTIMIZATION_LEVEL = 0;
				GCC_PREPROCESSOR_DEFINITIONS = (
					"DEBUG=1",
					"$(inherited)",
				);
				GCC_WARN_64_TO_32_BIT_CONVERSION = YES;
				GCC_WARN_ABOUT_RETURN_TYPE = YES_ERROR;
				GCC_WARN_UNDECLARED_SELECTOR = YES;
				GCC_WARN_UNINITIALIZED_AUTOS = YES_AGGRESSIVE;
				GCC_WARN_UNUSED_FUNCTION = YES;
				GCC_WARN_UNUSED_VARIABLE = YES;
				IPHONEOS_DEPLOYMENT_TARGET = 9.3;
				MTL_ENABLE_DEBUG_INFO = YES;
				ONLY_ACTIVE_ARCH = YES;
				SDKROOT = iphoneos;
				SWIFT_OPTIMIZATION_LEVEL = "-Onone";
			};
			name = Debug;
		};
		38F8C05F1C9A6B8000A1F726 /* Release */ = {
			isa = XCBuildConfiguration;
			buildSettings = {
				ALWAYS_SEARCH_USER_PATHS = NO;
				CLANG_ANALYZER_NONNULL = YES;
				CLANG_CXX_LANGUAGE_STANDARD = "gnu++0x";
				CLANG_CXX_LIBRARY = "libc++";
				CLANG_ENABLE_MODULES = YES;
				CLANG_ENABLE_OBJC_ARC = YES;
				CLANG_WARN_BOOL_CONVERSION = YES;
				CLANG_WARN_CONSTANT_CONVERSION = YES;
				CLANG_WARN_DIRECT_OBJC_ISA_USAGE = YES_ERROR;
				CLANG_WARN_EMPTY_BODY = YES;
				CLANG_WARN_ENUM_CONVERSION = YES;
				CLANG_WARN_INT_CONVERSION = YES;
				CLANG_WARN_OBJC_ROOT_CLASS = YES_ERROR;
				CLANG_WARN_UNREACHABLE_CODE = YES;
				CLANG_WARN__DUPLICATE_METHOD_MATCH = YES;
				"CODE_SIGN_IDENTITY[sdk=iphoneos*]" = "iPhone Developer";
				COPY_PHASE_STRIP = NO;
				DEBUG_INFORMATION_FORMAT = "dwarf-with-dsym";
				ENABLE_NS_ASSERTIONS = NO;
				ENABLE_STRICT_OBJC_MSGSEND = YES;
				GCC_C_LANGUAGE_STANDARD = gnu99;
				GCC_NO_COMMON_BLOCKS = YES;
				GCC_WARN_64_TO_32_BIT_CONVERSION = YES;
				GCC_WARN_ABOUT_RETURN_TYPE = YES_ERROR;
				GCC_WARN_UNDECLARED_SELECTOR = YES;
				GCC_WARN_UNINITIALIZED_AUTOS = YES_AGGRESSIVE;
				GCC_WARN_UNUSED_FUNCTION = YES;
				GCC_WARN_UNUSED_VARIABLE = YES;
				IPHONEOS_DEPLOYMENT_TARGET = 9.3;
				MTL_ENABLE_DEBUG_INFO = NO;
				SDKROOT = iphoneos;
				VALIDATE_PRODUCT = YES;
			};
			name = Release;
		};
		38F8C0611C9A6B8000A1F726 /* Debug */ = {
			isa = XCBuildConfiguration;
			buildSettings = {
				ASSETCATALOG_COMPILER_APPICON_NAME = AppIcon;
				INFOPLIST_FILE = YXSwiftProject/Info.plist;
				LD_RUNPATH_SEARCH_PATHS = "$(inherited) @executable_path/Frameworks";
				PRODUCT_BUNDLE_IDENTIFIER = com.tedu.YXSwiftProject;
				PRODUCT_NAME = "$(TARGET_NAME)";
			};
			name = Debug;
		};
		38F8C0621C9A6B8000A1F726 /* Release */ = {
			isa = XCBuildConfiguration;
			buildSettings = {
				ASSETCATALOG_COMPILER_APPICON_NAME = AppIcon;
				INFOPLIST_FILE = YXSwiftProject/Info.plist;
				LD_RUNPATH_SEARCH_PATHS = "$(inherited) @executable_path/Frameworks";
				PRODUCT_BUNDLE_IDENTIFIER = com.tedu.YXSwiftProject;
				PRODUCT_NAME = "$(TARGET_NAME)";
			};
			name = Release;
		};
/* End XCBuildConfiguration section */

/* Begin XCConfigurationList section */
		38F8C0491C9A6B8000A1F726 /* Build configuration list for PBXProject "YXSwiftProject" */ = {
			isa = XCConfigurationList;
			buildConfigurations = (
				38F8C05E1C9A6B8000A1F726 /* Debug */,
				38F8C05F1C9A6B8000A1F726 /* Release */,
			);
			defaultConfigurationIsVisible = 0;
			defaultConfigurationName = Release;
		};
		38F8C0601C9A6B8000A1F726 /* Build configuration list for PBXNativeTarget "YXSwiftProject" */ = {
			isa = XCConfigurationList;
			buildConfigurations = (
				38F8C0611C9A6B8000A1F726 /* Debug */,
				38F8C0621C9A6B8000A1F726 /* Release */,
			);
			defaultConfigurationIsVisible = 0;
		};
/* End XCConfigurationList section */
	};
	rootObject = 38F8C0461C9A6B8000A1F726 /* Project object */;
}
